<Solution>
  <Folder Name="/Application/" />
  <Folder Name="/Domain/">
    <Project Path="Domain.ValueObject/Domain.ValueObject.csproj" />
  </Folder>
  <Folder Name="/Domain/Entities/">
    <File Path="Booking.cs" />
    <File Path="Client.cs" />
    <File Path="Organizer.cs" />
    <File Path="Quest.cs" />
    <File Path="Schedule.cs" />
  </Folder>
  <Folder Name="/Domain/Enums/">
    <File Path="BookingStatus.cs" />
  </Folder>
  <Folder Name="/Infrastructure/" />
  <Folder Name="/Presentation/" />
</Solution>
